
Microsoft Visual Studio Solution File, Format Version 12.00
# Visual Studio Version 16
VisualStudioVersion = 16.0.33027.164
MinimumVisualStudioVersion = 10.0.40219.1
Project("{2150E333-8FDC-42A3-9474-1A3956D46DE8}") = "00.NLib", "00.NLib", "{4DFDBF82-4421-4040-8652-92EDCBF04DB7}"
EndProject
Project("{FAE04EC0-301F-11D3-BF4B-00C04F79EFBC}") = "NLib", "00.NLib\NLib\NLib.csproj", "{41A9D6C0-C833-403F-9BC1-EECDC246A428}"
EndProject
Project("{2150E333-8FDC-42A3-9474-1A3956D46DE8}") = "Solution Items", "Solution Items", "{7295E074-0CD7-40CC-A85F-21F880B8BE24}"
	ProjectSection(SolutionItems) = preProject
		history.txt = history.txt
	EndProjectSection
EndProject
Project("{FAE04EC0-301F-11D3-BF4B-00C04F79EFBC}") = "NLib.Reports", "00.NLib\NLib.Reports\NLib.Reports.csproj", "{5879D92A-F850-4A70-8D88-99D29F6A46F3}"
EndProject
Project("{2150E333-8FDC-42A3-9474-1A3956D46DE8}") = "01.Core", "01.Core", "{268BFA62-3694-4E69-B747-249C2F82CFF6}"
EndProject
Project("{FAE04EC0-301F-11D3-BF4B-00C04F79EFBC}") = "PPRP.Core", "01.Core\PPRP.Core\PPRP.Core.csproj", "{25F76701-C7D6-4CC4-BEB9-DB40D2BBBD9D}"
EndProject
Project("{2150E333-8FDC-42A3-9474-1A3956D46DE8}") = "02.Domains.and.Models", "02.Domains.and.Models", "{4F0C0FC9-4A72-4F19-8376-A94278FE1A8C}"
EndProject
Project("{FAE04EC0-301F-11D3-BF4B-00C04F79EFBC}") = "PPRP.Domains", "02.Domains.and.Models\PPRP.Domains\PPRP.Domains.csproj", "{454A7013-4FFD-44CB-B589-1E4CD7369DED}"
EndProject
Global
	GlobalSection(SolutionConfigurationPlatforms) = preSolution
		Debug|Any CPU = Debug|Any CPU
		Release|Any CPU = Release|Any CPU
	EndGlobalSection
	GlobalSection(ProjectConfigurationPlatforms) = postSolution
		{41A9D6C0-C833-403F-9BC1-EECDC246A428}.Debug|Any CPU.ActiveCfg = Debug|Any CPU
		{41A9D6C0-C833-403F-9BC1-EECDC246A428}.Debug|Any CPU.Build.0 = Debug|Any CPU
		{41A9D6C0-C833-403F-9BC1-EECDC246A428}.Release|Any CPU.ActiveCfg = Release|Any CPU
		{41A9D6C0-C833-403F-9BC1-EECDC246A428}.Release|Any CPU.Build.0 = Release|Any CPU
		{5879D92A-F850-4A70-8D88-99D29F6A46F3}.Debug|Any CPU.ActiveCfg = Debug|Any CPU
		{5879D92A-F850-4A70-8D88-99D29F6A46F3}.Debug|Any CPU.Build.0 = Debug|Any CPU
		{5879D92A-F850-4A70-8D88-99D29F6A46F3}.Release|Any CPU.ActiveCfg = Release|Any CPU
		{5879D92A-F850-4A70-8D88-99D29F6A46F3}.Release|Any CPU.Build.0 = Release|Any CPU
		{25F76701-C7D6-4CC4-BEB9-DB40D2BBBD9D}.Debug|Any CPU.ActiveCfg = Debug|Any CPU
		{25F76701-C7D6-4CC4-BEB9-DB40D2BBBD9D}.Debug|Any CPU.Build.0 = Debug|Any CPU
		{25F76701-C7D6-4CC4-BEB9-DB40D2BBBD9D}.Release|Any CPU.ActiveCfg = Release|Any CPU
		{25F76701-C7D6-4CC4-BEB9-DB40D2BBBD9D}.Release|Any CPU.Build.0 = Release|Any CPU
		{454A7013-4FFD-44CB-B589-1E4CD7369DED}.Debug|Any CPU.ActiveCfg = Debug|Any CPU
		{454A7013-4FFD-44CB-B589-1E4CD7369DED}.Debug|Any CPU.Build.0 = Debug|Any CPU
		{454A7013-4FFD-44CB-B589-1E4CD7369DED}.Release|Any CPU.ActiveCfg = Release|Any CPU
		{454A7013-4FFD-44CB-B589-1E4CD7369DED}.Release|Any CPU.Build.0 = Release|Any CPU
	EndGlobalSection
	GlobalSection(SolutionProperties) = preSolution
		HideSolutionNode = FALSE
	EndGlobalSection
	GlobalSection(NestedProjects) = preSolution
		{41A9D6C0-C833-403F-9BC1-EECDC246A428} = {4DFDBF82-4421-4040-8652-92EDCBF04DB7}
		{5879D92A-F850-4A70-8D88-99D29F6A46F3} = {4DFDBF82-4421-4040-8652-92EDCBF04DB7}
		{25F76701-C7D6-4CC4-BEB9-DB40D2BBBD9D} = {268BFA62-3694-4E69-B747-249C2F82CFF6}
		{454A7013-4FFD-44CB-B589-1E4CD7369DED} = {4F0C0FC9-4A72-4F19-8376-A94278FE1A8C}
	EndGlobalSection
	GlobalSection(ExtensibilityGlobals) = postSolution
		SolutionGuid = {FED4ECF3-40B5-4470-B84E-1E2C421EF10F}
	EndGlobalSection
EndGlobal
